// !$*UTF8*$!
{
	archiveVersion = 1;
	classes = {
	};
	objectVersion = 50;
	objects = {

/* Begin PBXBuildFile section */
		728D7C34238A8E6400156ABE /* main.cpp in Sources */ = {isa = PBXBuildFile; fileRef = 728D7C33238A8E6400156ABE /* main.cpp */; };
		728D7C41238A924300156ABE /* main.cpp in Sources */ = {isa = PBXBuildFile; fileRef = 728D7C40238A924300156ABE /* main.cpp */; };
		728D7C4C238A974E00156ABE /* main.cpp in Sources */ = {isa = PBXBuildFile; fileRef = 728D7C4B238A974E00156ABE /* main.cpp */; };
		728D7C58238A9D0400156ABE /* main.cpp in Sources */ = {isa = PBXBuildFile; fileRef = 728D7C57238A9D0400156ABE /* main.cpp */; };
		728D7C63238AA60C00156ABE /* main.cpp in Sources */ = {isa = PBXBuildFile; fileRef = 728D7C62238AA60C00156ABE /* main.cpp */; };
		728D7C6E238B990800156ABE /* main.cpp in Sources */ = {isa = PBXBuildFile; fileRef = 728D7C6D238B990800156ABE /* main.cpp */; };
		728D7C79238BA0C200156ABE /* main.cpp in Sources */ = {isa = PBXBuildFile; fileRef = 728D7C78238BA0C200156ABE /* main.cpp */; };
		728D7C84238BADE600156ABE /* main.cpp in Sources */ = {isa = PBXBuildFile; fileRef = 728D7C83238BADE600156ABE /* main.cpp */; };
/* End PBXBuildFile section */

/* Begin PBXCopyFilesBuildPhase section */
		728D7C2E238A8E6400156ABE /* CopyFiles */ = {
			isa = PBXCopyFilesBuildPhase;
			buildActionMask = 2147483647;
			dstPath = /usr/share/man/man1/;
			dstSubfolderSpec = 0;
			files = (
			);
			runOnlyForDeploymentPostprocessing = 1;
		};
		728D7C3C238A924300156ABE /* CopyFiles */ = {
			isa = PBXCopyFilesBuildPhase;
			buildActionMask = 2147483647;
			dstPath = /usr/share/man/man1/;
			dstSubfolderSpec = 0;
			files = (
			);
			runOnlyForDeploymentPostprocessing = 1;
		};
		728D7C47238A974E00156ABE /* CopyFiles */ = {
			isa = PBXCopyFilesBuildPhase;
			buildActionMask = 2147483647;
			dstPath = /usr/share/man/man1/;
			dstSubfolderSpec = 0;
			files = (
			);
			runOnlyForDeploymentPostprocessing = 1;
		};
		728D7C53238A9D0400156ABE /* CopyFiles */ = {
			isa = PBXCopyFilesBuildPhase;
			buildActionMask = 2147483647;
			dstPath = /usr/share/man/man1/;
			dstSubfolderSpec = 0;
			files = (
			);
			runOnlyForDeploymentPostprocessing = 1;
		};
		728D7C5E238AA60C00156ABE /* CopyFiles */ = {
			isa = PBXCopyFilesBuildPhase;
			buildActionMask = 2147483647;
			dstPath = /usr/share/man/man1/;
			dstSubfolderSpec = 0;
			files = (
			);
			runOnlyForDeploymentPostprocessing = 1;
		};
		728D7C69238B990800156ABE /* CopyFiles */ = {
			isa = PBXCopyFilesBuildPhase;
			buildActionMask = 2147483647;
			dstPath = /usr/share/man/man1/;
			dstSubfolderSpec = 0;
			files = (
			);
			runOnlyForDeploymentPostprocessing = 1;
		};
		728D7C74238BA0C200156ABE /* CopyFiles */ = {
			isa = PBXCopyFilesBuildPhase;
			buildActionMask = 2147483647;
			dstPath = /usr/share/man/man1/;
			dstSubfolderSpec = 0;
			files = (
			);
			runOnlyForDeploymentPostprocessing = 1;
		};
		728D7C7F238BADE600156ABE /* CopyFiles */ = {
			isa = PBXCopyFilesBuildPhase;
			buildActionMask = 2147483647;
			dstPath = /usr/share/man/man1/;
			dstSubfolderSpec = 0;
			files = (
			);
			runOnlyForDeploymentPostprocessing = 1;
		};
/* End PBXCopyFilesBuildPhase section */

/* Begin PBXFileReference section */
		728D7C30238A8E6400156ABE /* NewJourneyOfCPlusPlus.git */ = {isa = PBXFileReference; explicitFileType = "compiled.mach-o.executable"; includeInIndex = 0; path = NewJourneyOfCPlusPlus.git; sourceTree = BUILT_PRODUCTS_DIR; };
		728D7C33238A8E6400156ABE /* main.cpp */ = {isa = PBXFileReference; lastKnownFileType = sourcecode.cpp.cpp; path = main.cpp; sourceTree = "<group>"; };
		728D7C3E238A924300156ABE /* 1-2 */ = {isa = PBXFileReference; explicitFileType = "compiled.mach-o.executable"; includeInIndex = 0; path = "1-2"; sourceTree = BUILT_PRODUCTS_DIR; };
		728D7C40238A924300156ABE /* main.cpp */ = {isa = PBXFileReference; lastKnownFileType = sourcecode.cpp.cpp; path = main.cpp; sourceTree = "<group>"; };
		728D7C49238A974E00156ABE /* 1-5 */ = {isa = PBXFileReference; explicitFileType = "compiled.mach-o.executable"; includeInIndex = 0; path = "1-5"; sourceTree = BUILT_PRODUCTS_DIR; };
		728D7C4B238A974E00156ABE /* main.cpp */ = {isa = PBXFileReference; lastKnownFileType = sourcecode.cpp.cpp; path = main.cpp; sourceTree = "<group>"; };
		728D7C50238A97CA00156ABE /* Sales_item.h */ = {isa = PBXFileReference; lastKnownFileType = sourcecode.c.h; path = Sales_item.h; sourceTree = "<group>"; };
		728D7C55238A9D0400156ABE /* 2-3 */ = {isa = PBXFileReference; explicitFileType = "compiled.mach-o.executable"; includeInIndex = 0; path = "2-3"; sourceTree = BUILT_PRODUCTS_DIR; };
		728D7C57238A9D0400156ABE /* main.cpp */ = {isa = PBXFileReference; lastKnownFileType = sourcecode.cpp.cpp; path = main.cpp; sourceTree = "<group>"; };
		728D7C60238AA60C00156ABE /* 2-5 */ = {isa = PBXFileReference; explicitFileType = "compiled.mach-o.executable"; includeInIndex = 0; path = "2-5"; sourceTree = BUILT_PRODUCTS_DIR; };
		728D7C62238AA60C00156ABE /* main.cpp */ = {isa = PBXFileReference; lastKnownFileType = sourcecode.cpp.cpp; path = main.cpp; sourceTree = "<group>"; };
		728D7C6B238B990800156ABE /* 3-2 */ = {isa = PBXFileReference; explicitFileType = "compiled.mach-o.executable"; includeInIndex = 0; path = "3-2"; sourceTree = BUILT_PRODUCTS_DIR; };
		728D7C6D238B990800156ABE /* main.cpp */ = {isa = PBXFileReference; lastKnownFileType = sourcecode.cpp.cpp; path = main.cpp; sourceTree = "<group>"; };
		728D7C76238BA0C200156ABE /* 3-3 */ = {isa = PBXFileReference; explicitFileType = "compiled.mach-o.executable"; includeInIndex = 0; path = "3-3"; sourceTree = BUILT_PRODUCTS_DIR; };
		728D7C78238BA0C200156ABE /* main.cpp */ = {isa = PBXFileReference; lastKnownFileType = sourcecode.cpp.cpp; path = main.cpp; sourceTree = "<group>"; };
		728D7C81238BADE600156ABE /* 3-5 */ = {isa = PBXFileReference; explicitFileType = "compiled.mach-o.executable"; includeInIndex = 0; path = "3-5"; sourceTree = BUILT_PRODUCTS_DIR; };
		728D7C83238BADE600156ABE /* main.cpp */ = {isa = PBXFileReference; lastKnownFileType = sourcecode.cpp.cpp; path = main.cpp; sourceTree = "<group>"; };
/* End PBXFileReference section */

/* Begin PBXFrameworksBuildPhase section */
		728D7C2D238A8E6400156ABE /* Frameworks */ = {
			isa = PBXFrameworksBuildPhase;
			buildActionMask = 2147483647;
			files = (
			);
			runOnlyForDeploymentPostprocessing = 0;
		};
		728D7C3B238A924300156ABE /* Frameworks */ = {
			isa = PBXFrameworksBuildPhase;
			buildActionMask = 2147483647;
			files = (
			);
			runOnlyForDeploymentPostprocessing = 0;
		};
		728D7C46238A974E00156ABE /* Frameworks */ = {
			isa = PBXFrameworksBuildPhase;
			buildActionMask = 2147483647;
			files = (
			);
			runOnlyForDeploymentPostprocessing = 0;
		};
		728D7C52238A9D0400156ABE /* Frameworks */ = {
			isa = PBXFrameworksBuildPhase;
			buildActionMask = 2147483647;
			files = (
			);
			runOnlyForDeploymentPostprocessing = 0;
		};
		728D7C5D238AA60C00156ABE /* Frameworks */ = {
			isa = PBXFrameworksBuildPhase;
			buildActionMask = 2147483647;
			files = (
			);
			runOnlyForDeploymentPostprocessing = 0;
		};
		728D7C68238B990800156ABE /* Frameworks */ = {
			isa = PBXFrameworksBuildPhase;
			buildActionMask = 2147483647;
			files = (
			);
			runOnlyForDeploymentPostprocessing = 0;
		};
		728D7C73238BA0C200156ABE /* Frameworks */ = {
			isa = PBXFrameworksBuildPhase;
			buildActionMask = 2147483647;
			files = (
			);
			runOnlyForDeploymentPostprocessing = 0;
		};
		728D7C7E238BADE600156ABE /* Frameworks */ = {
			isa = PBXFrameworksBuildPhase;
			buildActionMask = 2147483647;
			files = (
			);
			runOnlyForDeploymentPostprocessing = 0;
		};
/* End PBXFrameworksBuildPhase section */

/* Begin PBXGroup section */
		728D7C27238A8E6400156ABE = {
			isa = PBXGroup;
			children = (
				728D7C32238A8E6400156ABE /* NewJourneyOfCPlusPlus.git */,
				728D7C3F238A924300156ABE /* 1-2 */,
				728D7C4A238A974E00156ABE /* 1-5 */,
				728D7C56238A9D0400156ABE /* 2-3 */,
				728D7C61238AA60C00156ABE /* 2-5 */,
				728D7C6C238B990800156ABE /* 3-2 */,
				728D7C77238BA0C200156ABE /* 3-3 */,
				728D7C82238BADE600156ABE /* 3-5 */,
				728D7C31238A8E6400156ABE /* Products */,
			);
			sourceTree = "<group>";
		};
		728D7C31238A8E6400156ABE /* Products */ = {
			isa = PBXGroup;
			children = (
				728D7C30238A8E6400156ABE /* NewJourneyOfCPlusPlus.git */,
				728D7C3E238A924300156ABE /* 1-2 */,
				728D7C49238A974E00156ABE /* 1-5 */,
				728D7C55238A9D0400156ABE /* 2-3 */,
				728D7C60238AA60C00156ABE /* 2-5 */,
				728D7C6B238B990800156ABE /* 3-2 */,
				728D7C76238BA0C200156ABE /* 3-3 */,
				728D7C81238BADE600156ABE /* 3-5 */,
			);
			name = Products;
			sourceTree = "<group>";
		};
		728D7C32238A8E6400156ABE /* NewJourneyOfCPlusPlus.git */ = {
			isa = PBXGroup;
			children = (
				728D7C33238A8E6400156ABE /* main.cpp */,
			);
			path = NewJourneyOfCPlusPlus.git;
			sourceTree = "<group>";
		};
		728D7C3F238A924300156ABE /* 1-2 */ = {
			isa = PBXGroup;
			children = (
				728D7C40238A924300156ABE /* main.cpp */,
			);
			path = "1-2";
			sourceTree = "<group>";
		};
		728D7C4A238A974E00156ABE /* 1-5 */ = {
			isa = PBXGroup;
			children = (
				728D7C4B238A974E00156ABE /* main.cpp */,
				728D7C50238A97CA00156ABE /* Sales_item.h */,
			);
			path = "1-5";
			sourceTree = "<group>";
		};
		728D7C56238A9D0400156ABE /* 2-3 */ = {
			isa = PBXGroup;
			children = (
				728D7C57238A9D0400156ABE /* main.cpp */,
			);
			path = "2-3";
			sourceTree = "<group>";
		};
		728D7C61238AA60C00156ABE /* 2-5 */ = {
			isa = PBXGroup;
			children = (
				728D7C62238AA60C00156ABE /* main.cpp */,
			);
			path = "2-5";
			sourceTree = "<group>";
		};
		728D7C6C238B990800156ABE /* 3-2 */ = {
			isa = PBXGroup;
			children = (
				728D7C6D238B990800156ABE /* main.cpp */,
			);
			path = "3-2";
			sourceTree = "<group>";
		};
		728D7C77238BA0C200156ABE /* 3-3 */ = {
			isa = PBXGroup;
			children = (
				728D7C78238BA0C200156ABE /* main.cpp */,
			);
			path = "3-3";
			sourceTree = "<group>";
		};
		728D7C82238BADE600156ABE /* 3-5 */ = {
			isa = PBXGroup;
			children = (
				728D7C83238BADE600156ABE /* main.cpp */,
			);
			path = "3-5";
			sourceTree = "<group>";
		};
/* End PBXGroup section */

/* Begin PBXNativeTarget section */
		728D7C2F238A8E6400156ABE /* NewJourneyOfCPlusPlus.git */ = {
			isa = PBXNativeTarget;
			buildConfigurationList = 728D7C37238A8E6400156ABE /* Build configuration list for PBXNativeTarget "NewJourneyOfCPlusPlus.git" */;
			buildPhases = (
				728D7C2C238A8E6400156ABE /* Sources */,
				728D7C2D238A8E6400156ABE /* Frameworks */,
				728D7C2E238A8E6400156ABE /* CopyFiles */,
			);
			buildRules = (
			);
			dependencies = (
			);
			name = NewJourneyOfCPlusPlus.git;
			productName = NewJourneyOfCPlusPlus.git;
			productReference = 728D7C30238A8E6400156ABE /* NewJourneyOfCPlusPlus.git */;
			productType = "com.apple.product-type.tool";
		};
		728D7C3D238A924300156ABE /* 1-2 */ = {
			isa = PBXNativeTarget;
			buildConfigurationList = 728D7C42238A924300156ABE /* Build configuration list for PBXNativeTarget "1-2" */;
			buildPhases = (
				728D7C3A238A924300156ABE /* Sources */,
				728D7C3B238A924300156ABE /* Frameworks */,
				728D7C3C238A924300156ABE /* CopyFiles */,
			);
			buildRules = (
			);
			dependencies = (
			);
			name = "1-2";
			productName = "1-2";
			productReference = 728D7C3E238A924300156ABE /* 1-2 */;
			productType = "com.apple.product-type.tool";
		};
		728D7C48238A974E00156ABE /* 1-5 */ = {
			isa = PBXNativeTarget;
			buildConfigurationList = 728D7C4F238A974E00156ABE /* Build configuration list for PBXNativeTarget "1-5" */;
			buildPhases = (
				728D7C45238A974E00156ABE /* Sources */,
				728D7C46238A974E00156ABE /* Frameworks */,
				728D7C47238A974E00156ABE /* CopyFiles */,
			);
			buildRules = (
			);
			dependencies = (
			);
			name = "1-5";
			productName = "1-5";
			productReference = 728D7C49238A974E00156ABE /* 1-5 */;
			productType = "com.apple.product-type.tool";
		};
		728D7C54238A9D0400156ABE /* 2-3 */ = {
			isa = PBXNativeTarget;
			buildConfigurationList = 728D7C59238A9D0400156ABE /* Build configuration list for PBXNativeTarget "2-3" */;
			buildPhases = (
				728D7C51238A9D0400156ABE /* Sources */,
				728D7C52238A9D0400156ABE /* Frameworks */,
				728D7C53238A9D0400156ABE /* CopyFiles */,
			);
			buildRules = (
			);
			dependencies = (
			);
			name = "2-3";
			productName = "2-3";
			productReference = 728D7C55238A9D0400156ABE /* 2-3 */;
			productType = "com.apple.product-type.tool";
		};
		728D7C5F238AA60C00156ABE /* 2-5 */ = {
			isa = PBXNativeTarget;
			buildConfigurationList = 728D7C64238AA60C00156ABE /* Build configuration list for PBXNativeTarget "2-5" */;
			buildPhases = (
				728D7C5C238AA60C00156ABE /* Sources */,
				728D7C5D238AA60C00156ABE /* Frameworks */,
				728D7C5E238AA60C00156ABE /* CopyFiles */,
			);
			buildRules = (
			);
			dependencies = (
			);
			name = "2-5";
			productName = "2-5";
			productReference = 728D7C60238AA60C00156ABE /* 2-5 */;
			productType = "com.apple.product-type.tool";
		};
		728D7C6A238B990800156ABE /* 3-2 */ = {
			isa = PBXNativeTarget;
			buildConfigurationList = 728D7C71238B990800156ABE /* Build configuration list for PBXNativeTarget "3-2" */;
			buildPhases = (
				728D7C67238B990800156ABE /* Sources */,
				728D7C68238B990800156ABE /* Frameworks */,
				728D7C69238B990800156ABE /* CopyFiles */,
			);
			buildRules = (
			);
			dependencies = (
			);
			name = "3-2";
			productName = "3-2";
			productReference = 728D7C6B238B990800156ABE /* 3-2 */;
			productType = "com.apple.product-type.tool";
		};
		728D7C75238BA0C200156ABE /* 3-3 */ = {
			isa = PBXNativeTarget;
			buildConfigurationList = 728D7C7A238BA0C200156ABE /* Build configuration list for PBXNativeTarget "3-3" */;
			buildPhases = (
				728D7C72238BA0C200156ABE /* Sources */,
				728D7C73238BA0C200156ABE /* Frameworks */,
				728D7C74238BA0C200156ABE /* CopyFiles */,
			);
			buildRules = (
			);
			dependencies = (
			);
			name = "3-3";
			productName = "3-3";
			productReference = 728D7C76238BA0C200156ABE /* 3-3 */;
			productType = "com.apple.product-type.tool";
		};
		728D7C80238BADE600156ABE /* 3-5 */ = {
			isa = PBXNativeTarget;
			buildConfigurationList = 728D7C85238BADE600156ABE /* Build configuration list for PBXNativeTarget "3-5" */;
			buildPhases = (
				728D7C7D238BADE600156ABE /* Sources */,
				728D7C7E238BADE600156ABE /* Frameworks */,
				728D7C7F238BADE600156ABE /* CopyFiles */,
			);
			buildRules = (
			);
			dependencies = (
			);
			name = "3-5";
			productName = "3-5";
			productReference = 728D7C81238BADE600156ABE /* 3-5 */;
			productType = "com.apple.product-type.tool";
		};
/* End PBXNativeTarget section */

/* Begin PBXProject section */
		728D7C28238A8E6400156ABE /* Project object */ = {
			isa = PBXProject;
			attributes = {
				LastUpgradeCheck = 1120;
				ORGANIZATIONNAME = "王子昱";
				TargetAttributes = {
					728D7C2F238A8E6400156ABE = {
						CreatedOnToolsVersion = 11.2.1;
					};
					728D7C3D238A924300156ABE = {
						CreatedOnToolsVersion = 11.2.1;
					};
					728D7C48238A974E00156ABE = {
						CreatedOnToolsVersion = 11.2.1;
					};
					728D7C54238A9D0400156ABE = {
						CreatedOnToolsVersion = 11.2.1;
					};
					728D7C5F238AA60C00156ABE = {
						CreatedOnToolsVersion = 11.2.1;
					};
					728D7C6A238B990800156ABE = {
						CreatedOnToolsVersion = 11.2.1;
					};
					728D7C75238BA0C200156ABE = {
						CreatedOnToolsVersion = 11.2.1;
					};
					728D7C80238BADE600156ABE = {
						CreatedOnToolsVersion = 11.2.1;
					};
				};
			};
			buildConfigurationList = 728D7C2B238A8E6400156ABE /* Build configuration list for PBXProject "NewJourneyOfCPlusPlus.git" */;
			compatibilityVersion = "Xcode 9.3";
			developmentRegion = en;
			hasScannedForEncodings = 0;
			knownRegions = (
				en,
				Base,
			);
			mainGroup = 728D7C27238A8E6400156ABE;
			productRefGroup = 728D7C31238A8E6400156ABE /* Products */;
			projectDirPath = "";
			projectRoot = "";
			targets = (
				728D7C2F238A8E6400156ABE /* NewJourneyOfCPlusPlus.git */,
				728D7C3D238A924300156ABE /* 1-2 */,
				728D7C48238A974E00156ABE /* 1-5 */,
				728D7C54238A9D0400156ABE /* 2-3 */,
				728D7C5F238AA60C00156ABE /* 2-5 */,
				728D7C6A238B990800156ABE /* 3-2 */,
				728D7C75238BA0C200156ABE /* 3-3 */,
				728D7C80238BADE600156ABE /* 3-5 */,
			);
		};
/* End PBXProject section */

/* Begin PBXSourcesBuildPhase section */
		728D7C2C238A8E6400156ABE /* Sources */ = {
			isa = PBXSourcesBuildPhase;
			buildActionMask = 2147483647;
			files = (
				728D7C34238A8E6400156ABE /* main.cpp in Sources */,
			);
			runOnlyForDeploymentPostprocessing = 0;
		};
		728D7C3A238A924300156ABE /* Sources */ = {
			isa = PBXSourcesBuildPhase;
			buildActionMask = 2147483647;
			files = (
				728D7C41238A924300156ABE /* main.cpp in Sources */,
			);
			runOnlyForDeploymentPostprocessing = 0;
		};
		728D7C45238A974E00156ABE /* Sources */ = {
			isa = PBXSourcesBuildPhase;
			buildActionMask = 2147483647;
			files = (
				728D7C4C238A974E00156ABE /* main.cpp in Sources */,
			);
			runOnlyForDeploymentPostprocessing = 0;
		};
		728D7C51238A9D0400156ABE /* Sources */ = {
			isa = PBXSourcesBuildPhase;
			buildActionMask = 2147483647;
			files = (
				728D7C58238A9D0400156ABE /* main.cpp in Sources */,
			);
			runOnlyForDeploymentPostprocessing = 0;
		};
		728D7C5C238AA60C00156ABE /* Sources */ = {
			isa = PBXSourcesBuildPhase;
			buildActionMask = 2147483647;
			files = (
				728D7C63238AA60C00156ABE /* main.cpp in Sources */,
			);
			runOnlyForDeploymentPostprocessing = 0;
		};
		728D7C67238B990800156ABE /* Sources */ = {
			isa = PBXSourcesBuildPhase;
			buildActionMask = 2147483647;
			files = (
				728D7C6E238B990800156ABE /* main.cpp in Sources */,
			);
			runOnlyForDeploymentPostprocessing = 0;
		};
		728D7C72238BA0C200156ABE /* Sources */ = {
			isa = PBXSourcesBuildPhase;
			buildActionMask = 2147483647;
			files = (
				728D7C79238BA0C200156ABE /* main.cpp in Sources */,
			);
			runOnlyForDeploymentPostprocessing = 0;
		};
		728D7C7D238BADE600156ABE /* Sources */ = {
			isa = PBXSourcesBuildPhase;
			buildActionMask = 2147483647;
			files = (
				728D7C84238BADE600156ABE /* main.cpp in Sources */,
			);
			runOnlyForDeploymentPostprocessing = 0;
		};
/* End PBXSourcesBuildPhase section */

/* Begin XCBuildConfiguration section */
		728D7C35238A8E6400156ABE /* Debug */ = {
			isa = XCBuildConfiguration;
			buildSettings = {
				ALWAYS_SEARCH_USER_PATHS = NO;
				CLANG_ANALYZER_NONNULL = YES;
				CLANG_ANALYZER_NUMBER_OBJECT_CONVERSION = YES_AGGRESSIVE;
				CLANG_CXX_LANGUAGE_STANDARD = "gnu++14";
				CLANG_CXX_LIBRARY = "libc++";
				CLANG_ENABLE_MODULES = YES;
				CLANG_ENABLE_OBJC_ARC = YES;
				CLANG_ENABLE_OBJC_WEAK = YES;
				CLANG_WARN_BLOCK_CAPTURE_AUTORELEASING = YES;
				CLANG_WARN_BOOL_CONVERSION = YES;
				CLANG_WARN_COMMA = YES;
				CLANG_WARN_CONSTANT_CONVERSION = YES;
				CLANG_WARN_DEPRECATED_OBJC_IMPLEMENTATIONS = YES;
				CLANG_WARN_DIRECT_OBJC_ISA_USAGE = YES_ERROR;
				CLANG_WARN_DOCUMENTATION_COMMENTS = YES;
				CLANG_WARN_EMPTY_BODY = YES;
				CLANG_WARN_ENUM_CONVERSION = YES;
				CLANG_WARN_INFINITE_RECURSION = YES;
				CLANG_WARN_INT_CONVERSION = YES;
				CLANG_WARN_NON_LITERAL_NULL_CONVERSION = YES;
				CLANG_WARN_OBJC_IMPLICIT_RETAIN_SELF = YES;
				CLANG_WARN_OBJC_LITERAL_CONVERSION = YES;
				CLANG_WARN_OBJC_ROOT_CLASS = YES_ERROR;
				CLANG_WARN_RANGE_LOOP_ANALYSIS = YES;
				CLANG_WARN_STRICT_PROTOTYPES = YES;
				CLANG_WARN_SUSPICIOUS_MOVE = YES;
				CLANG_WARN_UNGUARDED_AVAILABILITY = YES_AGGRESSIVE;
				CLANG_WARN_UNREACHABLE_CODE = YES;
				CLANG_WARN__DUPLICATE_METHOD_MATCH = YES;
				COPY_PHASE_STRIP = NO;
				DEBUG_INFORMATION_FORMAT = dwarf;
				ENABLE_STRICT_OBJC_MSGSEND = YES;
				ENABLE_TESTABILITY = YES;
				GCC_C_LANGUAGE_STANDARD = gnu11;
				GCC_DYNAMIC_NO_PIC = NO;
				GCC_NO_COMMON_BLOCKS = YES;
				GCC_OPTIMIZATION_LEVEL = 0;
				GCC_PREPROCESSOR_DEFINITIONS = (
					"DEBUG=1",
					"$(inherited)",
				);
				GCC_WARN_64_TO_32_BIT_CONVERSION = YES;
				GCC_WARN_ABOUT_RETURN_TYPE = YES_ERROR;
				GCC_WARN_UNDECLARED_SELECTOR = YES;
				GCC_WARN_UNINITIALIZED_AUTOS = YES_AGGRESSIVE;
				GCC_WARN_UNUSED_FUNCTION = YES;
				GCC_WARN_UNUSED_VARIABLE = YES;
				MACOSX_DEPLOYMENT_TARGET = 10.15;
				MTL_ENABLE_DEBUG_INFO = INCLUDE_SOURCE;
				MTL_FAST_MATH = YES;
				ONLY_ACTIVE_ARCH = YES;
				SDKROOT = macosx;
			};
			name = Debug;
		};
		728D7C36238A8E6400156ABE /* Release */ = {
			isa = XCBuildConfiguration;
			buildSettings = {
				ALWAYS_SEARCH_USER_PATHS = NO;
				CLANG_ANALYZER_NONNULL = YES;
				CLANG_ANALYZER_NUMBER_OBJECT_CONVERSION = YES_AGGRESSIVE;
				CLANG_CXX_LANGUAGE_STANDARD = "gnu++14";
				CLANG_CXX_LIBRARY = "libc++";
				CLANG_ENABLE_MODULES = YES;
				CLANG_ENABLE_OBJC_ARC = YES;
				CLANG_ENABLE_OBJC_WEAK = YES;
				CLANG_WARN_BLOCK_CAPTURE_AUTORELEASING = YES;
				CLANG_WARN_BOOL_CONVERSION = YES;
				CLANG_WARN_COMMA = YES;
				CLANG_WARN_CONSTANT_CONVERSION = YES;
				CLANG_WARN_DEPRECATED_OBJC_IMPLEMENTATIONS = YES;
				CLANG_WARN_DIRECT_OBJC_ISA_USAGE = YES_ERROR;
				CLANG_WARN_DOCUMENTATION_COMMENTS = YES;
				CLANG_WARN_EMPTY_BODY = YES;
				CLANG_WARN_ENUM_CONVERSION = YES;
				CLANG_WARN_INFINITE_RECURSION = YES;
				CLANG_WARN_INT_CONVERSION = YES;
				CLANG_WARN_NON_LITERAL_NULL_CONVERSION = YES;
				CLANG_WARN_OBJC_IMPLICIT_RETAIN_SELF = YES;
				CLANG_WARN_OBJC_LITERAL_CONVERSION = YES;
				CLANG_WARN_OBJC_ROOT_CLASS = YES_ERROR;
				CLANG_WARN_RANGE_LOOP_ANALYSIS = YES;
				CLANG_WARN_STRICT_PROTOTYPES = YES;
				CLANG_WARN_SUSPICIOUS_MOVE = YES;
				CLANG_WARN_UNGUARDED_AVAILABILITY = YES_AGGRESSIVE;
				CLANG_WARN_UNREACHABLE_CODE = YES;
				CLANG_WARN__DUPLICATE_METHOD_MATCH = YES;
				COPY_PHASE_STRIP = NO;
				DEBUG_INFORMATION_FORMAT = "dwarf-with-dsym";
				ENABLE_NS_ASSERTIONS = NO;
				ENABLE_STRICT_OBJC_MSGSEND = YES;
				GCC_C_LANGUAGE_STANDARD = gnu11;
				GCC_NO_COMMON_BLOCKS = YES;
				GCC_WARN_64_TO_32_BIT_CONVERSION = YES;
				GCC_WARN_ABOUT_RETURN_TYPE = YES_ERROR;
				GCC_WARN_UNDECLARED_SELECTOR = YES;
				GCC_WARN_UNINITIALIZED_AUTOS = YES_AGGRESSIVE;
				GCC_WARN_UNUSED_FUNCTION = YES;
				GCC_WARN_UNUSED_VARIABLE = YES;
				MACOSX_DEPLOYMENT_TARGET = 10.15;
				MTL_ENABLE_DEBUG_INFO = NO;
				MTL_FAST_MATH = YES;
				SDKROOT = macosx;
			};
			name = Release;
		};
		728D7C38238A8E6400156ABE /* Debug */ = {
			isa = XCBuildConfiguration;
			buildSettings = {
				CODE_SIGN_STYLE = Automatic;
				DEVELOPMENT_TEAM = D24ZF2P2US;
				ENABLE_HARDENED_RUNTIME = YES;
				PRODUCT_NAME = "$(TARGET_NAME)";
			};
			name = Debug;
		};
		728D7C39238A8E6400156ABE /* Release */ = {
			isa = XCBuildConfiguration;
			buildSettings = {
				CODE_SIGN_STYLE = Automatic;
				DEVELOPMENT_TEAM = D24ZF2P2US;
				ENABLE_HARDENED_RUNTIME = YES;
				PRODUCT_NAME = "$(TARGET_NAME)";
			};
			name = Release;
		};
		728D7C43238A924300156ABE /* Debug */ = {
			isa = XCBuildConfiguration;
			buildSettings = {
				CODE_SIGN_STYLE = Automatic;
				DEVELOPMENT_TEAM = D24ZF2P2US;
				ENABLE_HARDENED_RUNTIME = YES;
				PRODUCT_NAME = "$(TARGET_NAME)";
			};
			name = Debug;
		};
		728D7C44238A924300156ABE /* Release */ = {
			isa = XCBuildConfiguration;
			buildSettings = {
				CODE_SIGN_STYLE = Automatic;
				DEVELOPMENT_TEAM = D24ZF2P2US;
				ENABLE_HARDENED_RUNTIME = YES;
				PRODUCT_NAME = "$(TARGET_NAME)";
			};
			name = Release;
		};
		728D7C4D238A974E00156ABE /* Debug */ = {
			isa = XCBuildConfiguration;
			buildSettings = {
				CODE_SIGN_STYLE = Automatic;
				DEVELOPMENT_TEAM = D24ZF2P2US;
				ENABLE_HARDENED_RUNTIME = YES;
				PRODUCT_NAME = "$(TARGET_NAME)";
			};
			name = Debug;
		};
		728D7C4E238A974E00156ABE /* Release */ = {
			isa = XCBuildConfiguration;
			buildSettings = {
				CODE_SIGN_STYLE = Automatic;
				DEVELOPMENT_TEAM = D24ZF2P2US;
				ENABLE_HARDENED_RUNTIME = YES;
				PRODUCT_NAME = "$(TARGET_NAME)";
			};
			name = Release;
		};
		728D7C5A238A9D0400156ABE /* Debug */ = {
			isa = XCBuildConfiguration;
			buildSettings = {
				CODE_SIGN_STYLE = Automatic;
				DEVELOPMENT_TEAM = D24ZF2P2US;
				ENABLE_HARDENED_RUNTIME = YES;
				PRODUCT_NAME = "$(TARGET_NAME)";
			};
			name = Debug;
		};
		728D7C5B238A9D0400156ABE /* Release */ = {
			isa = XCBuildConfiguration;
			buildSettings = {
				CODE_SIGN_STYLE = Automatic;
				DEVELOPMENT_TEAM = D24ZF2P2US;
				ENABLE_HARDENED_RUNTIME = YES;
				PRODUCT_NAME = "$(TARGET_NAME)";
			};
			name = Release;
		};
		728D7C65238AA60C00156ABE /* Debug */ = {
			isa = XCBuildConfiguration;
			buildSettings = {
				CODE_SIGN_STYLE = Automatic;
				DEVELOPMENT_TEAM = D24ZF2P2US;
				ENABLE_HARDENED_RUNTIME = YES;
				PRODUCT_NAME = "$(TARGET_NAME)";
			};
			name = Debug;
		};
		728D7C66238AA60C00156ABE /* Release */ = {
			isa = XCBuildConfiguration;
			buildSettings = {
				CODE_SIGN_STYLE = Automatic;
				DEVELOPMENT_TEAM = D24ZF2P2US;
				ENABLE_HARDENED_RUNTIME = YES;
				PRODUCT_NAME = "$(TARGET_NAME)";
			};
			name = Release;
		};
		728D7C6F238B990800156ABE /* Debug */ = {
			isa = XCBuildConfiguration;
			buildSettings = {
				CODE_SIGN_STYLE = Automatic;
				DEVELOPMENT_TEAM = D24ZF2P2US;
				ENABLE_HARDENED_RUNTIME = YES;
				PRODUCT_NAME = "$(TARGET_NAME)";
			};
			name = Debug;
		};
		728D7C70238B990800156ABE /* Release */ = {
			isa = XCBuildConfiguration;
			buildSettings = {
				CODE_SIGN_STYLE = Automatic;
				DEVELOPMENT_TEAM = D24ZF2P2US;
				ENABLE_HARDENED_RUNTIME = YES;
				PRODUCT_NAME = "$(TARGET_NAME)";
			};
			name = Release;
		};
		728D7C7B238BA0C200156ABE /* Debug */ = {
			isa = XCBuildConfiguration;
			buildSettings = {
				CODE_SIGN_STYLE = Automatic;
				DEVELOPMENT_TEAM = D24ZF2P2US;
				ENABLE_HARDENED_RUNTIME = YES;
				PRODUCT_NAME = "$(TARGET_NAME)";
			};
			name = Debug;
		};
		728D7C7C238BA0C200156ABE /* Release */ = {
			isa = XCBuildConfiguration;
			buildSettings = {
				CODE_SIGN_STYLE = Automatic;
				DEVELOPMENT_TEAM = D24ZF2P2US;
				ENABLE_HARDENED_RUNTIME = YES;
				PRODUCT_NAME = "$(TARGET_NAME)";
			};
			name = Release;
		};
		728D7C86238BADE600156ABE /* Debug */ = {
			isa = XCBuildConfiguration;
			buildSettings = {
				CODE_SIGN_STYLE = Automatic;
				DEVELOPMENT_TEAM = D24ZF2P2US;
				ENABLE_HARDENED_RUNTIME = YES;
				PRODUCT_NAME = "$(TARGET_NAME)";
			};
			name = Debug;
		};
		728D7C87238BADE600156ABE /* Release */ = {
			isa = XCBuildConfiguration;
			buildSettings = {
				CODE_SIGN_STYLE = Automatic;
				DEVELOPMENT_TEAM = D24ZF2P2US;
				ENABLE_HARDENED_RUNTIME = YES;
				PRODUCT_NAME = "$(TARGET_NAME)";
			};
			name = Release;
		};
/* End XCBuildConfiguration section */

/* Begin XCConfigurationList section */
		728D7C2B238A8E6400156ABE /* Build configuration list for PBXProject "NewJourneyOfCPlusPlus.git" */ = {
			isa = XCConfigurationList;
			buildConfigurations = (
				728D7C35238A8E6400156ABE /* Debug */,
				728D7C36238A8E6400156ABE /* Release */,
			);
			defaultConfigurationIsVisible = 0;
			defaultConfigurationName = Release;
		};
		728D7C37238A8E6400156ABE /* Build configuration list for PBXNativeTarget "NewJourneyOfCPlusPlus.git" */ = {
			isa = XCConfigurationList;
			buildConfigurations = (
				728D7C38238A8E6400156ABE /* Debug */,
				728D7C39238A8E6400156ABE /* Release */,
			);
			defaultConfigurationIsVisible = 0;
			defaultConfigurationName = Release;
		};
		728D7C42238A924300156ABE /* Build configuration list for PBXNativeTarget "1-2" */ = {
			isa = XCConfigurationList;
			buildConfigurations = (
				728D7C43238A924300156ABE /* Debug */,
				728D7C44238A924300156ABE /* Release */,
			);
			defaultConfigurationIsVisible = 0;
			defaultConfigurationName = Release;
		};
		728D7C4F238A974E00156ABE /* Build configuration list for PBXNativeTarget "1-5" */ = {
			isa = XCConfigurationList;
			buildConfigurations = (
				728D7C4D238A974E00156ABE /* Debug */,
				728D7C4E238A974E00156ABE /* Release */,
			);
			defaultConfigurationIsVisible = 0;
			defaultConfigurationName = Release;
		};
		728D7C59238A9D0400156ABE /* Build configuration list for PBXNativeTarget "2-3" */ = {
			isa = XCConfigurationList;
			buildConfigurations = (
				728D7C5A238A9D0400156ABE /* Debug */,
				728D7C5B238A9D0400156ABE /* Release */,
			);
			defaultConfigurationIsVisible = 0;
			defaultConfigurationName = Release;
		};
		728D7C64238AA60C00156ABE /* Build configuration list for PBXNativeTarget "2-5" */ = {
			isa = XCConfigurationList;
			buildConfigurations = (
				728D7C65238AA60C00156ABE /* Debug */,
				728D7C66238AA60C00156ABE /* Release */,
			);
			defaultConfigurationIsVisible = 0;
			defaultConfigurationName = Release;
		};
		728D7C71238B990800156ABE /* Build configuration list for PBXNativeTarget "3-2" */ = {
			isa = XCConfigurationList;
			buildConfigurations = (
				728D7C6F238B990800156ABE /* Debug */,
				728D7C70238B990800156ABE /* Release */,
			);
			defaultConfigurationIsVisible = 0;
			defaultConfigurationName = Release;
		};
		728D7C7A238BA0C200156ABE /* Build configuration list for PBXNativeTarget "3-3" */ = {
			isa = XCConfigurationList;
			buildConfigurations = (
				728D7C7B238BA0C200156ABE /* Debug */,
				728D7C7C238BA0C200156ABE /* Release */,
			);
			defaultConfigurationIsVisible = 0;
			defaultConfigurationName = Release;
		};
		728D7C85238BADE600156ABE /* Build configuration list for PBXNativeTarget "3-5" */ = {
			isa = XCConfigurationList;
			buildConfigurations = (
				728D7C86238BADE600156ABE /* Debug */,
				728D7C87238BADE600156ABE /* Release */,
			);
			defaultConfigurationIsVisible = 0;
			defaultConfigurationName = Release;
		};
/* End XCConfigurationList section */
	};
	rootObject = 728D7C28238A8E6400156ABE /* Project object */;
}
